
Microsoft Visual Studio Solution File, Format Version 12.00
# Visual Studio Version 16
VisualStudioVersion = 16.0.30711.63
MinimumVisualStudioVersion = 10.0.40219.1
Project("{FAE04EC0-301F-11D3-BF4B-00C04F79EFBC}") = "RQE_Shaipi", "RQE_Shaipi\RQE_Shaipi.csproj", "{B6FAA5E7-6662-45FF-8B18-17DC549F70B3}"
EndProject
Global
	GlobalSection(SolutionConfigurationPlatforms) = preSolution
		Debug|Any CPU = Debug|Any CPU
		Release|Any CPU = Release|Any CPU
	EndGlobalSection
	GlobalSection(ProjectConfigurationPlatforms) = postSolution
		{B6FAA5E7-6662-45FF-8B18-17DC549F70B3}.Debug|Any CPU.ActiveCfg = Debug|Any CPU
		{B6FAA5E7-6662-45FF-8B18-17DC549F70B3}.Debug|Any CPU.Build.0 = Debug|Any CPU
		{B6FAA5E7-6662-45FF-8B18-17DC549F70B3}.Release|Any CPU.ActiveCfg = Release|Any CPU
		{B6FAA5E7-6662-45FF-8B18-17DC549F70B3}.Release|Any CPU.Build.0 = Release|Any CPU
	EndGlobalSection
	GlobalSection(SolutionProperties) = preSolution
		HideSolutionNode = FALSE
	EndGlobalSection
	GlobalSection(ExtensibilityGlobals) = postSolution
		SolutionGuid = {21B291C2-81AD-482F-88D8-F946E311CC80}
	EndGlobalSection
EndGlobal
